{
  "name": "journey-studio",
  "version": "0.1.0",
  "lockfileVersion": 3,
  "requires": true,
  "packages": {
    "": {
      "name": "journey-studio",
      "version": "0.1.0",
      "license": "SEE LICENSE IN LICENSE",
      "bin": {
        "journey-studio": "bin/journey-studio.mjs"
      },
      "engines": {
        "node": ">=18"
      }
    }
  }
}
